
Microsoft Visual Studio Solution File, Format Version 12.00
# Visual Studio Version 17
VisualStudioVersion = 17.3.32825.248
MinimumVisualStudioVersion = 10.0.40219.1
Project("{FAE04EC0-301F-11D3-BF4B-00C04F79EFBC}") = "helloworld", "helloworld\helloworld.csproj", "{16119932-990F-4E94-95F2-94E8504F1488}"
EndProject
Global
	GlobalSection(SolutionConfigurationPlatforms) = preSolution
		Debug|Any CPU = Debug|Any CPU
		Release|Any CPU = Release|Any CPU
	EndGlobalSection
	GlobalSection(ProjectConfigurationPlatforms) = postSolution
		{16119932-990F-4E94-95F2-94E8504F1488}.Debug|Any CPU.ActiveCfg = Debug|Any CPU
		{16119932-990F-4E94-95F2-94E8504F1488}.Debug|Any CPU.Build.0 = Debug|Any CPU
		{16119932-990F-4E94-95F2-94E8504F1488}.Release|Any CPU.ActiveCfg = Release|Any CPU
		{16119932-990F-4E94-95F2-94E8504F1488}.Release|Any CPU.Build.0 = Release|Any CPU
	EndGlobalSection
	GlobalSection(SolutionProperties) = preSolution
		HideSolutionNode = FALSE
	EndGlobalSection
	GlobalSection(ExtensibilityGlobals) = postSolution
		SolutionGuid = {606CD8F8-323D-406A-8D49-30B1A29CE56B}
	EndGlobalSection
EndGlobal
